
Microsoft Visual Studio Solution File, Format Version 12.00
# Visual Studio Version 17
VisualStudioVersion = 17.4.33205.214
MinimumVisualStudioVersion = 10.0.40219.1
Project("{FAE04EC0-301F-11D3-BF4B-00C04F79EFBC}") = "DataTests", "..\Tests\DataTests\DataTests.csproj", "{332A9084-2F0E-4FBA-86EC-DE9E9193126F}"
	ProjectSection(ProjectDependencies) = postProject
		{437C162D-945F-40CC-87C3-B703D686D96F} = {437C162D-945F-40CC-87C3-B703D686D96F}
		{C2E09A2D-A638-4578-A7CF-05F3DD2775D6} = {C2E09A2D-A638-4578-A7CF-05F3DD2775D6}
		{7A97B2CB-3F9E-4764-8008-4D74AFDE2D62} = {7A97B2CB-3F9E-4764-8008-4D74AFDE2D62}
	EndProjectSection
EndProject
Project("{2150E333-8FDC-42A3-9474-1A3956D46DE8}") = "WindowsClient", "WindowsClient", "{49BEA452-7526-484F-8A6F-2C24033FAA70}"
EndProject
Project("{2150E333-8FDC-42A3-9474-1A3956D46DE8}") = "Tests", "Tests", "{F23DB9BB-EDF8-46E8-B4D7-DBA7555492B4}"
EndProject
Project("{FAE04EC0-301F-11D3-BF4B-00C04F79EFBC}") = "DentalClinic.Wpf", "DentalClinic.Wpf\DentalClinic.Wpf.csproj", "{437C162D-945F-40CC-87C3-B703D686D96F}"
EndProject
Project("{FAE04EC0-301F-11D3-BF4B-00C04F79EFBC}") = "DentalClinic.Windows", "DentalClinic.Windows\DentalClinic.Windows.csproj", "{C2E09A2D-A638-4578-A7CF-05F3DD2775D6}"
EndProject
Project("{FAE04EC0-301F-11D3-BF4B-00C04F79EFBC}") = "DentalClinic.Data", "DentalClinic.Data\DentalClinic.Data.csproj", "{C32BDAC7-9F2A-4131-AFD0-C9C24A723C9C}"
EndProject
Project("{FAE04EC0-301F-11D3-BF4B-00C04F79EFBC}") = "WpfTests", "..\Tests\WpfTests\WpfTests.csproj", "{6405CE05-C960-4806-8F0E-AF84099A36B9}"
EndProject
Project("{FAE04EC0-301F-11D3-BF4B-00C04F79EFBC}") = "DentalClinic.XmlData", "DentalClinic.XmlData\DentalClinic.XmlData.csproj", "{7A97B2CB-3F9E-4764-8008-4D74AFDE2D62}"
EndProject
Project("{54435603-DBB4-11D2-8724-00A0C9A8B90C}") = "DentalClinic.Setup", "DentalClinic.Setup\DentalClinic.Setup.vdproj", "{D4CA6560-2726-46B5-8804-9798CB4FF63D}"
EndProject
Project("{2150E333-8FDC-42A3-9474-1A3956D46DE8}") = "WebApp", "WebApp", "{B289EABF-989D-461F-BF57-81E37A0AEA82}"
EndProject
Project("{9A19103F-16F7-4668-BE54-9A1E7A4F7556}") = "BlazorClinic", "WebApp\BlazorClinic\BlazorClinic.csproj", "{ED6619F2-A700-4DE7-9B3D-81205CE86172}"
EndProject
Project("{9A19103F-16F7-4668-BE54-9A1E7A4F7556}") = "WebDataSource", "WebApp\WebDataSource\WebDataSource.csproj", "{F41D6B85-DEAE-40D1-8A6D-590E188441A0}"
EndProject
Project("{9A19103F-16F7-4668-BE54-9A1E7A4F7556}") = "WebModel", "WebApp\WebModel\WebModel.csproj", "{B516AE8F-9119-4B0D-A401-82CEE5E26B2F}"
EndProject
Project("{2150E333-8FDC-42A3-9474-1A3956D46DE8}") = "WPF", "WPF", "{A2BF26B6-B5E9-4C43-85C1-30520FDD37C9}"
EndProject
Project("{9A19103F-16F7-4668-BE54-9A1E7A4F7556}") = "DentalClinic.WpfMD", "WPF\DentalClinic.WpfMD\DentalClinic.WpfMD.csproj", "{EF4DF5CE-2FA3-41AC-97F7-795F9F932705}"
EndProject
Project("{FAE04EC0-301F-11D3-BF4B-00C04F79EFBC}") = "DentalClinic.Persistence", "WPF\DentalClinic.Persistence\DentalClinic.Persistence.csproj", "{954E2231-2151-47DC-9DCC-E18D0C40AD51}"
EndProject
Global
	GlobalSection(SolutionConfigurationPlatforms) = preSolution
		Debug|Any CPU = Debug|Any CPU
		Debug|ARM = Debug|ARM
		Debug|ARM64 = Debug|ARM64
		Debug|x64 = Debug|x64
		Debug|x86 = Debug|x86
		Release|Any CPU = Release|Any CPU
		Release|ARM = Release|ARM
		Release|ARM64 = Release|ARM64
		Release|x64 = Release|x64
		Release|x86 = Release|x86
	EndGlobalSection
	GlobalSection(ProjectConfigurationPlatforms) = postSolution
		{332A9084-2F0E-4FBA-86EC-DE9E9193126F}.Debug|Any CPU.ActiveCfg = Debug|Any CPU
		{332A9084-2F0E-4FBA-86EC-DE9E9193126F}.Debug|Any CPU.Build.0 = Debug|Any CPU
		{332A9084-2F0E-4FBA-86EC-DE9E9193126F}.Debug|ARM.ActiveCfg = Debug|Any CPU
		{332A9084-2F0E-4FBA-86EC-DE9E9193126F}.Debug|ARM.Build.0 = Debug|Any CPU
		{332A9084-2F0E-4FBA-86EC-DE9E9193126F}.Debug|ARM64.ActiveCfg = Debug|Any CPU
		{332A9084-2F0E-4FBA-86EC-DE9E9193126F}.Debug|ARM64.Build.0 = Debug|Any CPU
		{332A9084-2F0E-4FBA-86EC-DE9E9193126F}.Debug|x64.ActiveCfg = Debug|x64
		{332A9084-2F0E-4FBA-86EC-DE9E9193126F}.Debug|x64.Build.0 = Debug|x64
		{332A9084-2F0E-4FBA-86EC-DE9E9193126F}.Debug|x86.ActiveCfg = Debug|Any CPU
		{332A9084-2F0E-4FBA-86EC-DE9E9193126F}.Debug|x86.Build.0 = Debug|Any CPU
		{332A9084-2F0E-4FBA-86EC-DE9E9193126F}.Release|Any CPU.ActiveCfg = Release|Any CPU
		{332A9084-2F0E-4FBA-86EC-DE9E9193126F}.Release|Any CPU.Build.0 = Release|Any CPU
		{332A9084-2F0E-4FBA-86EC-DE9E9193126F}.Release|ARM.ActiveCfg = Release|Any CPU
		{332A9084-2F0E-4FBA-86EC-DE9E9193126F}.Release|ARM.Build.0 = Release|Any CPU
		{332A9084-2F0E-4FBA-86EC-DE9E9193126F}.Release|ARM64.ActiveCfg = Release|Any CPU
		{332A9084-2F0E-4FBA-86EC-DE9E9193126F}.Release|ARM64.Build.0 = Release|Any CPU
		{332A9084-2F0E-4FBA-86EC-DE9E9193126F}.Release|x64.ActiveCfg = Release|x64
		{332A9084-2F0E-4FBA-86EC-DE9E9193126F}.Release|x86.ActiveCfg = Release|Any CPU
		{332A9084-2F0E-4FBA-86EC-DE9E9193126F}.Release|x86.Build.0 = Release|Any CPU
		{437C162D-945F-40CC-87C3-B703D686D96F}.Debug|Any CPU.ActiveCfg = Debug|Any CPU
		{437C162D-945F-40CC-87C3-B703D686D96F}.Debug|Any CPU.Build.0 = Debug|Any CPU
		{437C162D-945F-40CC-87C3-B703D686D96F}.Debug|ARM.ActiveCfg = Debug|Any CPU
		{437C162D-945F-40CC-87C3-B703D686D96F}.Debug|ARM.Build.0 = Debug|Any CPU
		{437C162D-945F-40CC-87C3-B703D686D96F}.Debug|ARM64.ActiveCfg = Debug|Any CPU
		{437C162D-945F-40CC-87C3-B703D686D96F}.Debug|ARM64.Build.0 = Debug|Any CPU
		{437C162D-945F-40CC-87C3-B703D686D96F}.Debug|x64.ActiveCfg = Debug|x64
		{437C162D-945F-40CC-87C3-B703D686D96F}.Debug|x64.Build.0 = Debug|x64
		{437C162D-945F-40CC-87C3-B703D686D96F}.Debug|x86.ActiveCfg = Debug|Any CPU
		{437C162D-945F-40CC-87C3-B703D686D96F}.Debug|x86.Build.0 = Debug|Any CPU
		{437C162D-945F-40CC-87C3-B703D686D96F}.Release|Any CPU.ActiveCfg = Release|Any CPU
		{437C162D-945F-40CC-87C3-B703D686D96F}.Release|Any CPU.Build.0 = Release|Any CPU
		{437C162D-945F-40CC-87C3-B703D686D96F}.Release|ARM.ActiveCfg = Release|Any CPU
		{437C162D-945F-40CC-87C3-B703D686D96F}.Release|ARM.Build.0 = Release|Any CPU
		{437C162D-945F-40CC-87C3-B703D686D96F}.Release|ARM64.ActiveCfg = Release|Any CPU
		{437C162D-945F-40CC-87C3-B703D686D96F}.Release|ARM64.Build.0 = Release|Any CPU
		{437C162D-945F-40CC-87C3-B703D686D96F}.Release|x64.ActiveCfg = Release|x64
		{437C162D-945F-40CC-87C3-B703D686D96F}.Release|x64.Build.0 = Release|x64
		{437C162D-945F-40CC-87C3-B703D686D96F}.Release|x86.ActiveCfg = Release|Any CPU
		{437C162D-945F-40CC-87C3-B703D686D96F}.Release|x86.Build.0 = Release|Any CPU
		{C2E09A2D-A638-4578-A7CF-05F3DD2775D6}.Debug|Any CPU.ActiveCfg = Debug|Any CPU
		{C2E09A2D-A638-4578-A7CF-05F3DD2775D6}.Debug|Any CPU.Build.0 = Debug|Any CPU
		{C2E09A2D-A638-4578-A7CF-05F3DD2775D6}.Debug|ARM.ActiveCfg = Debug|Any CPU
		{C2E09A2D-A638-4578-A7CF-05F3DD2775D6}.Debug|ARM.Build.0 = Debug|Any CPU
		{C2E09A2D-A638-4578-A7CF-05F3DD2775D6}.Debug|ARM64.ActiveCfg = Debug|Any CPU
		{C2E09A2D-A638-4578-A7CF-05F3DD2775D6}.Debug|ARM64.Build.0 = Debug|Any CPU
		{C2E09A2D-A638-4578-A7CF-05F3DD2775D6}.Debug|x64.ActiveCfg = Debug|x64
		{C2E09A2D-A638-4578-A7CF-05F3DD2775D6}.Debug|x64.Build.0 = Debug|x64
		{C2E09A2D-A638-4578-A7CF-05F3DD2775D6}.Debug|x86.ActiveCfg = Debug|Any CPU
		{C2E09A2D-A638-4578-A7CF-05F3DD2775D6}.Debug|x86.Build.0 = Debug|Any CPU
		{C2E09A2D-A638-4578-A7CF-05F3DD2775D6}.Release|Any CPU.ActiveCfg = Release|Any CPU
		{C2E09A2D-A638-4578-A7CF-05F3DD2775D6}.Release|Any CPU.Build.0 = Release|Any CPU
		{C2E09A2D-A638-4578-A7CF-05F3DD2775D6}.Release|ARM.ActiveCfg = Release|Any CPU
		{C2E09A2D-A638-4578-A7CF-05F3DD2775D6}.Release|ARM.Build.0 = Release|Any CPU
		{C2E09A2D-A638-4578-A7CF-05F3DD2775D6}.Release|ARM64.ActiveCfg = Release|Any CPU
		{C2E09A2D-A638-4578-A7CF-05F3DD2775D6}.Release|ARM64.Build.0 = Release|Any CPU
		{C2E09A2D-A638-4578-A7CF-05F3DD2775D6}.Release|x64.ActiveCfg = Release|x64
		{C2E09A2D-A638-4578-A7CF-05F3DD2775D6}.Release|x64.Build.0 = Release|x64
		{C2E09A2D-A638-4578-A7CF-05F3DD2775D6}.Release|x86.ActiveCfg = Release|Any CPU
		{C2E09A2D-A638-4578-A7CF-05F3DD2775D6}.Release|x86.Build.0 = Release|Any CPU
		{C32BDAC7-9F2A-4131-AFD0-C9C24A723C9C}.Debug|Any CPU.ActiveCfg = Debug|Any CPU
		{C32BDAC7-9F2A-4131-AFD0-C9C24A723C9C}.Debug|Any CPU.Build.0 = Debug|Any CPU
		{C32BDAC7-9F2A-4131-AFD0-C9C24A723C9C}.Debug|ARM.ActiveCfg = Debug|Any CPU
		{C32BDAC7-9F2A-4131-AFD0-C9C24A723C9C}.Debug|ARM.Build.0 = Debug|Any CPU
		{C32BDAC7-9F2A-4131-AFD0-C9C24A723C9C}.Debug|ARM64.ActiveCfg = Debug|Any CPU
		{C32BDAC7-9F2A-4131-AFD0-C9C24A723C9C}.Debug|ARM64.Build.0 = Debug|Any CPU
		{C32BDAC7-9F2A-4131-AFD0-C9C24A723C9C}.Debug|x64.ActiveCfg = Debug|x64
		{C32BDAC7-9F2A-4131-AFD0-C9C24A723C9C}.Debug|x64.Build.0 = Debug|x64
		{C32BDAC7-9F2A-4131-AFD0-C9C24A723C9C}.Debug|x86.ActiveCfg = Debug|Any CPU
		{C32BDAC7-9F2A-4131-AFD0-C9C24A723C9C}.Debug|x86.Build.0 = Debug|Any CPU
		{C32BDAC7-9F2A-4131-AFD0-C9C24A723C9C}.Release|Any CPU.ActiveCfg = Release|Any CPU
		{C32BDAC7-9F2A-4131-AFD0-C9C24A723C9C}.Release|Any CPU.Build.0 = Release|Any CPU
		{C32BDAC7-9F2A-4131-AFD0-C9C24A723C9C}.Release|ARM.ActiveCfg = Release|Any CPU
		{C32BDAC7-9F2A-4131-AFD0-C9C24A723C9C}.Release|ARM.Build.0 = Release|Any CPU
		{C32BDAC7-9F2A-4131-AFD0-C9C24A723C9C}.Release|ARM64.ActiveCfg = Release|Any CPU
		{C32BDAC7-9F2A-4131-AFD0-C9C24A723C9C}.Release|ARM64.Build.0 = Release|Any CPU
		{C32BDAC7-9F2A-4131-AFD0-C9C24A723C9C}.Release|x64.ActiveCfg = Release|x64
		{C32BDAC7-9F2A-4131-AFD0-C9C24A723C9C}.Release|x64.Build.0 = Release|x64
		{C32BDAC7-9F2A-4131-AFD0-C9C24A723C9C}.Release|x86.ActiveCfg = Release|Any CPU
		{C32BDAC7-9F2A-4131-AFD0-C9C24A723C9C}.Release|x86.Build.0 = Release|Any CPU
		{6405CE05-C960-4806-8F0E-AF84099A36B9}.Debug|Any CPU.ActiveCfg = Debug|Any CPU
		{6405CE05-C960-4806-8F0E-AF84099A36B9}.Debug|Any CPU.Build.0 = Debug|Any CPU
		{6405CE05-C960-4806-8F0E-AF84099A36B9}.Debug|ARM.ActiveCfg = Debug|Any CPU
		{6405CE05-C960-4806-8F0E-AF84099A36B9}.Debug|ARM.Build.0 = Debug|Any CPU
		{6405CE05-C960-4806-8F0E-AF84099A36B9}.Debug|ARM64.ActiveCfg = Debug|Any CPU
		{6405CE05-C960-4806-8F0E-AF84099A36B9}.Debug|ARM64.Build.0 = Debug|Any CPU
		{6405CE05-C960-4806-8F0E-AF84099A36B9}.Debug|x64.ActiveCfg = Debug|x64
		{6405CE05-C960-4806-8F0E-AF84099A36B9}.Debug|x64.Build.0 = Debug|x64
		{6405CE05-C960-4806-8F0E-AF84099A36B9}.Debug|x86.ActiveCfg = Debug|Any CPU
		{6405CE05-C960-4806-8F0E-AF84099A36B9}.Debug|x86.Build.0 = Debug|Any CPU
		{6405CE05-C960-4806-8F0E-AF84099A36B9}.Release|Any CPU.ActiveCfg = Release|Any CPU
		{6405CE05-C960-4806-8F0E-AF84099A36B9}.Release|Any CPU.Build.0 = Release|Any CPU
		{6405CE05-C960-4806-8F0E-AF84099A36B9}.Release|ARM.ActiveCfg = Release|Any CPU
		{6405CE05-C960-4806-8F0E-AF84099A36B9}.Release|ARM.Build.0 = Release|Any CPU
		{6405CE05-C960-4806-8F0E-AF84099A36B9}.Release|ARM64.ActiveCfg = Release|Any CPU
		{6405CE05-C960-4806-8F0E-AF84099A36B9}.Release|ARM64.Build.0 = Release|Any CPU
		{6405CE05-C960-4806-8F0E-AF84099A36B9}.Release|x64.ActiveCfg = Release|x64
		{6405CE05-C960-4806-8F0E-AF84099A36B9}.Release|x86.ActiveCfg = Release|Any CPU
		{6405CE05-C960-4806-8F0E-AF84099A36B9}.Release|x86.Build.0 = Release|Any CPU
		{7A97B2CB-3F9E-4764-8008-4D74AFDE2D62}.Debug|Any CPU.ActiveCfg = Debug|Any CPU
		{7A97B2CB-3F9E-4764-8008-4D74AFDE2D62}.Debug|Any CPU.Build.0 = Debug|Any CPU
		{7A97B2CB-3F9E-4764-8008-4D74AFDE2D62}.Debug|ARM.ActiveCfg = Debug|Any CPU
		{7A97B2CB-3F9E-4764-8008-4D74AFDE2D62}.Debug|ARM.Build.0 = Debug|Any CPU
		{7A97B2CB-3F9E-4764-8008-4D74AFDE2D62}.Debug|ARM64.ActiveCfg = Debug|Any CPU
		{7A97B2CB-3F9E-4764-8008-4D74AFDE2D62}.Debug|ARM64.Build.0 = Debug|Any CPU
		{7A97B2CB-3F9E-4764-8008-4D74AFDE2D62}.Debug|x64.ActiveCfg = Debug|x64
		{7A97B2CB-3F9E-4764-8008-4D74AFDE2D62}.Debug|x64.Build.0 = Debug|x64
		{7A97B2CB-3F9E-4764-8008-4D74AFDE2D62}.Debug|x86.ActiveCfg = Debug|Any CPU
		{7A97B2CB-3F9E-4764-8008-4D74AFDE2D62}.Debug|x86.Build.0 = Debug|Any CPU
		{7A97B2CB-3F9E-4764-8008-4D74AFDE2D62}.Release|Any CPU.ActiveCfg = Release|Any CPU
		{7A97B2CB-3F9E-4764-8008-4D74AFDE2D62}.Release|Any CPU.Build.0 = Release|Any CPU
		{7A97B2CB-3F9E-4764-8008-4D74AFDE2D62}.Release|ARM.ActiveCfg = Release|Any CPU
		{7A97B2CB-3F9E-4764-8008-4D74AFDE2D62}.Release|ARM.Build.0 = Release|Any CPU
		{7A97B2CB-3F9E-4764-8008-4D74AFDE2D62}.Release|ARM64.ActiveCfg = Release|Any CPU
		{7A97B2CB-3F9E-4764-8008-4D74AFDE2D62}.Release|ARM64.Build.0 = Release|Any CPU
		{7A97B2CB-3F9E-4764-8008-4D74AFDE2D62}.Release|x64.ActiveCfg = Release|x64
		{7A97B2CB-3F9E-4764-8008-4D74AFDE2D62}.Release|x64.Build.0 = Release|x64
		{7A97B2CB-3F9E-4764-8008-4D74AFDE2D62}.Release|x86.ActiveCfg = Release|Any CPU
		{7A97B2CB-3F9E-4764-8008-4D74AFDE2D62}.Release|x86.Build.0 = Release|Any CPU
		{D4CA6560-2726-46B5-8804-9798CB4FF63D}.Debug|Any CPU.ActiveCfg = Debug
		{D4CA6560-2726-46B5-8804-9798CB4FF63D}.Debug|ARM.ActiveCfg = Debug
		{D4CA6560-2726-46B5-8804-9798CB4FF63D}.Debug|ARM64.ActiveCfg = Debug
		{D4CA6560-2726-46B5-8804-9798CB4FF63D}.Debug|x64.ActiveCfg = Debug
		{D4CA6560-2726-46B5-8804-9798CB4FF63D}.Debug|x86.ActiveCfg = Debug
		{D4CA6560-2726-46B5-8804-9798CB4FF63D}.Release|Any CPU.ActiveCfg = Release
		{D4CA6560-2726-46B5-8804-9798CB4FF63D}.Release|ARM.ActiveCfg = Release
		{D4CA6560-2726-46B5-8804-9798CB4FF63D}.Release|ARM64.ActiveCfg = Release
		{D4CA6560-2726-46B5-8804-9798CB4FF63D}.Release|x64.ActiveCfg = Release
		{D4CA6560-2726-46B5-8804-9798CB4FF63D}.Release|x64.Build.0 = Release
		{D4CA6560-2726-46B5-8804-9798CB4FF63D}.Release|x86.ActiveCfg = Release
		{ED6619F2-A700-4DE7-9B3D-81205CE86172}.Debug|Any CPU.ActiveCfg = Debug|Any CPU
		{ED6619F2-A700-4DE7-9B3D-81205CE86172}.Debug|Any CPU.Build.0 = Debug|Any CPU
		{ED6619F2-A700-4DE7-9B3D-81205CE86172}.Debug|ARM.ActiveCfg = Debug|Any CPU
		{ED6619F2-A700-4DE7-9B3D-81205CE86172}.Debug|ARM.Build.0 = Debug|Any CPU
		{ED6619F2-A700-4DE7-9B3D-81205CE86172}.Debug|ARM64.ActiveCfg = Debug|Any CPU
		{ED6619F2-A700-4DE7-9B3D-81205CE86172}.Debug|ARM64.Build.0 = Debug|Any CPU
		{ED6619F2-A700-4DE7-9B3D-81205CE86172}.Debug|x64.ActiveCfg = Debug|Any CPU
		{ED6619F2-A700-4DE7-9B3D-81205CE86172}.Debug|x64.Build.0 = Debug|Any CPU
		{ED6619F2-A700-4DE7-9B3D-81205CE86172}.Debug|x86.ActiveCfg = Debug|Any CPU
		{ED6619F2-A700-4DE7-9B3D-81205CE86172}.Debug|x86.Build.0 = Debug|Any CPU
		{ED6619F2-A700-4DE7-9B3D-81205CE86172}.Release|Any CPU.ActiveCfg = Release|Any CPU
		{ED6619F2-A700-4DE7-9B3D-81205CE86172}.Release|Any CPU.Build.0 = Release|Any CPU
		{ED6619F2-A700-4DE7-9B3D-81205CE86172}.Release|ARM.ActiveCfg = Release|Any CPU
		{ED6619F2-A700-4DE7-9B3D-81205CE86172}.Release|ARM.Build.0 = Release|Any CPU
		{ED6619F2-A700-4DE7-9B3D-81205CE86172}.Release|ARM64.ActiveCfg = Release|Any CPU
		{ED6619F2-A700-4DE7-9B3D-81205CE86172}.Release|ARM64.Build.0 = Release|Any CPU
		{ED6619F2-A700-4DE7-9B3D-81205CE86172}.Release|x64.ActiveCfg = Release|Any CPU
		{ED6619F2-A700-4DE7-9B3D-81205CE86172}.Release|x64.Build.0 = Release|Any CPU
		{ED6619F2-A700-4DE7-9B3D-81205CE86172}.Release|x86.ActiveCfg = Release|Any CPU
		{ED6619F2-A700-4DE7-9B3D-81205CE86172}.Release|x86.Build.0 = Release|Any CPU
		{F41D6B85-DEAE-40D1-8A6D-590E188441A0}.Debug|Any CPU.ActiveCfg = Debug|Any CPU
		{F41D6B85-DEAE-40D1-8A6D-590E188441A0}.Debug|Any CPU.Build.0 = Debug|Any CPU
		{F41D6B85-DEAE-40D1-8A6D-590E188441A0}.Debug|ARM.ActiveCfg = Debug|Any CPU
		{F41D6B85-DEAE-40D1-8A6D-590E188441A0}.Debug|ARM.Build.0 = Debug|Any CPU
		{F41D6B85-DEAE-40D1-8A6D-590E188441A0}.Debug|ARM64.ActiveCfg = Debug|Any CPU
		{F41D6B85-DEAE-40D1-8A6D-590E188441A0}.Debug|ARM64.Build.0 = Debug|Any CPU
		{F41D6B85-DEAE-40D1-8A6D-590E188441A0}.Debug|x64.ActiveCfg = Debug|Any CPU
		{F41D6B85-DEAE-40D1-8A6D-590E188441A0}.Debug|x64.Build.0 = Debug|Any CPU
		{F41D6B85-DEAE-40D1-8A6D-590E188441A0}.Debug|x86.ActiveCfg = Debug|Any CPU
		{F41D6B85-DEAE-40D1-8A6D-590E188441A0}.Debug|x86.Build.0 = Debug|Any CPU
		{F41D6B85-DEAE-40D1-8A6D-590E188441A0}.Release|Any CPU.ActiveCfg = Release|Any CPU
		{F41D6B85-DEAE-40D1-8A6D-590E188441A0}.Release|Any CPU.Build.0 = Release|Any CPU
		{F41D6B85-DEAE-40D1-8A6D-590E188441A0}.Release|ARM.ActiveCfg = Release|Any CPU
		{F41D6B85-DEAE-40D1-8A6D-590E188441A0}.Release|ARM.Build.0 = Release|Any CPU
		{F41D6B85-DEAE-40D1-8A6D-590E188441A0}.Release|ARM64.ActiveCfg = Release|Any CPU
		{F41D6B85-DEAE-40D1-8A6D-590E188441A0}.Release|ARM64.Build.0 = Release|Any CPU
		{F41D6B85-DEAE-40D1-8A6D-590E188441A0}.Release|x64.ActiveCfg = Release|Any CPU
		{F41D6B85-DEAE-40D1-8A6D-590E188441A0}.Release|x64.Build.0 = Release|Any CPU
		{F41D6B85-DEAE-40D1-8A6D-590E188441A0}.Release|x86.ActiveCfg = Release|Any CPU
		{F41D6B85-DEAE-40D1-8A6D-590E188441A0}.Release|x86.Build.0 = Release|Any CPU
		{B516AE8F-9119-4B0D-A401-82CEE5E26B2F}.Debug|Any CPU.ActiveCfg = Debug|Any CPU
		{B516AE8F-9119-4B0D-A401-82CEE5E26B2F}.Debug|Any CPU.Build.0 = Debug|Any CPU
		{B516AE8F-9119-4B0D-A401-82CEE5E26B2F}.Debug|ARM.ActiveCfg = Debug|Any CPU
		{B516AE8F-9119-4B0D-A401-82CEE5E26B2F}.Debug|ARM.Build.0 = Debug|Any CPU
		{B516AE8F-9119-4B0D-A401-82CEE5E26B2F}.Debug|ARM64.ActiveCfg = Debug|Any CPU
		{B516AE8F-9119-4B0D-A401-82CEE5E26B2F}.Debug|ARM64.Build.0 = Debug|Any CPU
		{B516AE8F-9119-4B0D-A401-82CEE5E26B2F}.Debug|x64.ActiveCfg = Debug|Any CPU
		{B516AE8F-9119-4B0D-A401-82CEE5E26B2F}.Debug|x64.Build.0 = Debug|Any CPU
		{B516AE8F-9119-4B0D-A401-82CEE5E26B2F}.Debug|x86.ActiveCfg = Debug|Any CPU
		{B516AE8F-9119-4B0D-A401-82CEE5E26B2F}.Debug|x86.Build.0 = Debug|Any CPU
		{B516AE8F-9119-4B0D-A401-82CEE5E26B2F}.Release|Any CPU.ActiveCfg = Release|Any CPU
		{B516AE8F-9119-4B0D-A401-82CEE5E26B2F}.Release|Any CPU.Build.0 = Release|Any CPU
		{B516AE8F-9119-4B0D-A401-82CEE5E26B2F}.Release|ARM.ActiveCfg = Release|Any CPU
		{B516AE8F-9119-4B0D-A401-82CEE5E26B2F}.Release|ARM.Build.0 = Release|Any CPU
		{B516AE8F-9119-4B0D-A401-82CEE5E26B2F}.Release|ARM64.ActiveCfg = Release|Any CPU
		{B516AE8F-9119-4B0D-A401-82CEE5E26B2F}.Release|ARM64.Build.0 = Release|Any CPU
		{B516AE8F-9119-4B0D-A401-82CEE5E26B2F}.Release|x64.ActiveCfg = Release|Any CPU
		{B516AE8F-9119-4B0D-A401-82CEE5E26B2F}.Release|x64.Build.0 = Release|Any CPU
		{B516AE8F-9119-4B0D-A401-82CEE5E26B2F}.Release|x86.ActiveCfg = Release|Any CPU
		{B516AE8F-9119-4B0D-A401-82CEE5E26B2F}.Release|x86.Build.0 = Release|Any CPU
		{EF4DF5CE-2FA3-41AC-97F7-795F9F932705}.Debug|Any CPU.ActiveCfg = Debug|Any CPU
		{EF4DF5CE-2FA3-41AC-97F7-795F9F932705}.Debug|Any CPU.Build.0 = Debug|Any CPU
		{EF4DF5CE-2FA3-41AC-97F7-795F9F932705}.Debug|ARM.ActiveCfg = Debug|Any CPU
		{EF4DF5CE-2FA3-41AC-97F7-795F9F932705}.Debug|ARM.Build.0 = Debug|Any CPU
		{EF4DF5CE-2FA3-41AC-97F7-795F9F932705}.Debug|ARM64.ActiveCfg = Debug|Any CPU
		{EF4DF5CE-2FA3-41AC-97F7-795F9F932705}.Debug|ARM64.Build.0 = Debug|Any CPU
		{EF4DF5CE-2FA3-41AC-97F7-795F9F932705}.Debug|x64.ActiveCfg = Debug|Any CPU
		{EF4DF5CE-2FA3-41AC-97F7-795F9F932705}.Debug|x64.Build.0 = Debug|Any CPU
		{EF4DF5CE-2FA3-41AC-97F7-795F9F932705}.Debug|x86.ActiveCfg = Debug|Any CPU
		{EF4DF5CE-2FA3-41AC-97F7-795F9F932705}.Debug|x86.Build.0 = Debug|Any CPU
		{EF4DF5CE-2FA3-41AC-97F7-795F9F932705}.Release|Any CPU.ActiveCfg = Release|Any CPU
		{EF4DF5CE-2FA3-41AC-97F7-795F9F932705}.Release|Any CPU.Build.0 = Release|Any CPU
		{EF4DF5CE-2FA3-41AC-97F7-795F9F932705}.Release|ARM.ActiveCfg = Release|Any CPU
		{EF4DF5CE-2FA3-41AC-97F7-795F9F932705}.Release|ARM.Build.0 = Release|Any CPU
		{EF4DF5CE-2FA3-41AC-97F7-795F9F932705}.Release|ARM64.ActiveCfg = Release|Any CPU
		{EF4DF5CE-2FA3-41AC-97F7-795F9F932705}.Release|ARM64.Build.0 = Release|Any CPU
		{EF4DF5CE-2FA3-41AC-97F7-795F9F932705}.Release|x64.ActiveCfg = Release|Any CPU
		{EF4DF5CE-2FA3-41AC-97F7-795F9F932705}.Release|x64.Build.0 = Release|Any CPU
		{EF4DF5CE-2FA3-41AC-97F7-795F9F932705}.Release|x86.ActiveCfg = Release|Any CPU
		{EF4DF5CE-2FA3-41AC-97F7-795F9F932705}.Release|x86.Build.0 = Release|Any CPU
		{954E2231-2151-47DC-9DCC-E18D0C40AD51}.Debug|Any CPU.ActiveCfg = Debug|Any CPU
		{954E2231-2151-47DC-9DCC-E18D0C40AD51}.Debug|Any CPU.Build.0 = Debug|Any CPU
		{954E2231-2151-47DC-9DCC-E18D0C40AD51}.Debug|ARM.ActiveCfg = Debug|Any CPU
		{954E2231-2151-47DC-9DCC-E18D0C40AD51}.Debug|ARM.Build.0 = Debug|Any CPU
		{954E2231-2151-47DC-9DCC-E18D0C40AD51}.Debug|ARM64.ActiveCfg = Debug|Any CPU
		{954E2231-2151-47DC-9DCC-E18D0C40AD51}.Debug|ARM64.Build.0 = Debug|Any CPU
		{954E2231-2151-47DC-9DCC-E18D0C40AD51}.Debug|x64.ActiveCfg = Debug|Any CPU
		{954E2231-2151-47DC-9DCC-E18D0C40AD51}.Debug|x64.Build.0 = Debug|Any CPU
		{954E2231-2151-47DC-9DCC-E18D0C40AD51}.Debug|x86.ActiveCfg = Debug|Any CPU
		{954E2231-2151-47DC-9DCC-E18D0C40AD51}.Debug|x86.Build.0 = Debug|Any CPU
		{954E2231-2151-47DC-9DCC-E18D0C40AD51}.Release|Any CPU.ActiveCfg = Release|Any CPU
		{954E2231-2151-47DC-9DCC-E18D0C40AD51}.Release|Any CPU.Build.0 = Release|Any CPU
		{954E2231-2151-47DC-9DCC-E18D0C40AD51}.Release|ARM.ActiveCfg = Release|Any CPU
		{954E2231-2151-47DC-9DCC-E18D0C40AD51}.Release|ARM.Build.0 = Release|Any CPU
		{954E2231-2151-47DC-9DCC-E18D0C40AD51}.Release|ARM64.ActiveCfg = Release|Any CPU
		{954E2231-2151-47DC-9DCC-E18D0C40AD51}.Release|ARM64.Build.0 = Release|Any CPU
		{954E2231-2151-47DC-9DCC-E18D0C40AD51}.Release|x64.ActiveCfg = Release|Any CPU
		{954E2231-2151-47DC-9DCC-E18D0C40AD51}.Release|x64.Build.0 = Release|Any CPU
		{954E2231-2151-47DC-9DCC-E18D0C40AD51}.Release|x86.ActiveCfg = Release|Any CPU
		{954E2231-2151-47DC-9DCC-E18D0C40AD51}.Release|x86.Build.0 = Release|Any CPU
	EndGlobalSection
	GlobalSection(SolutionProperties) = preSolution
		HideSolutionNode = FALSE
	EndGlobalSection
	GlobalSection(NestedProjects) = preSolution
		{332A9084-2F0E-4FBA-86EC-DE9E9193126F} = {F23DB9BB-EDF8-46E8-B4D7-DBA7555492B4}
		{437C162D-945F-40CC-87C3-B703D686D96F} = {49BEA452-7526-484F-8A6F-2C24033FAA70}
		{C2E09A2D-A638-4578-A7CF-05F3DD2775D6} = {49BEA452-7526-484F-8A6F-2C24033FAA70}
		{C32BDAC7-9F2A-4131-AFD0-C9C24A723C9C} = {49BEA452-7526-484F-8A6F-2C24033FAA70}
		{6405CE05-C960-4806-8F0E-AF84099A36B9} = {F23DB9BB-EDF8-46E8-B4D7-DBA7555492B4}
		{7A97B2CB-3F9E-4764-8008-4D74AFDE2D62} = {49BEA452-7526-484F-8A6F-2C24033FAA70}
		{ED6619F2-A700-4DE7-9B3D-81205CE86172} = {B289EABF-989D-461F-BF57-81E37A0AEA82}
		{F41D6B85-DEAE-40D1-8A6D-590E188441A0} = {B289EABF-989D-461F-BF57-81E37A0AEA82}
		{B516AE8F-9119-4B0D-A401-82CEE5E26B2F} = {B289EABF-989D-461F-BF57-81E37A0AEA82}
		{EF4DF5CE-2FA3-41AC-97F7-795F9F932705} = {A2BF26B6-B5E9-4C43-85C1-30520FDD37C9}
		{954E2231-2151-47DC-9DCC-E18D0C40AD51} = {A2BF26B6-B5E9-4C43-85C1-30520FDD37C9}
	EndGlobalSection
	GlobalSection(ExtensibilityGlobals) = postSolution
		SolutionGuid = {52E63F17-44FD-440F-96AB-D95934DE1C99}
	EndGlobalSection
EndGlobal
